// !$*UTF8*$!
{
	archiveVersion = 1;
	classes = {
	};
	objectVersion = 46;
	objects = {

/* Begin PBXBuildFile section */
		760A31D11F100BBE001FCC80 /* ApiRequestResponseFixture.json in Resources */ = {isa = PBXBuildFile; fileRef = 760A31D01F100BBE001FCC80 /* ApiRequestResponseFixture.json */; };
		76824C0F1F0FF94800FB5A22 /* ArrowArrayTransformerSpec.swift in Sources */ = {isa = PBXBuildFile; fileRef = 76824BED1F0FF94800FB5A22 /* ArrowArrayTransformerSpec.swift */; };
		76824C101F0FF94800FB5A22 /* ArrowTransformerSpec.swift in Sources */ = {isa = PBXBuildFile; fileRef = 76824BEE1F0FF94800FB5A22 /* ArrowTransformerSpec.swift */; };
		76824C111F0FF94800FB5A22 /* ArrayDataSourceSpec.swift in Sources */ = {isa = PBXBuildFile; fileRef = 76824BF21F0FF94800FB5A22 /* ArrayDataSourceSpec.swift */; };
		76824C121F0FF94800FB5A22 /* NSObjectExtensionsSpec.swift in Sources */ = {isa = PBXBuildFile; fileRef = 76824BF41F0FF94800FB5A22 /* NSObjectExtensionsSpec.swift */; };
		76824C131F0FF94800FB5A22 /* FixtureHelper.swift in Sources */ = {isa = PBXBuildFile; fileRef = 76824BF61F0FF94800FB5A22 /* FixtureHelper.swift */; };
		76824C1B1F0FF94800FB5A22 /* BaseTableViewControllerSpec.swift in Sources */ = {isa = PBXBuildFile; fileRef = 76824C0A1F0FF94800FB5A22 /* BaseTableViewControllerSpec.swift */; };
		76824C1C1F0FF94800FB5A22 /* DataBasedViewControllerSpec.swift in Sources */ = {isa = PBXBuildFile; fileRef = 76824C0B1F0FF94800FB5A22 /* DataBasedViewControllerSpec.swift */; };
		76824C1D1F0FF94800FB5A22 /* TableViewArrayDataSourceSpec.swift in Sources */ = {isa = PBXBuildFile; fileRef = 76824C0E1F0FF94800FB5A22 /* TableViewArrayDataSourceSpec.swift */; };
		76824C211F10043500FB5A22 /* AppBaseApiSpec.swift in Sources */ = {isa = PBXBuildFile; fileRef = 76824C201F10043500FB5A22 /* AppBaseApiSpec.swift */; };
		76E71F111F1010A20032EA08 /* NumberTableViewCell.swift in Sources */ = {isa = PBXBuildFile; fileRef = 76E71F0D1F1010A20032EA08 /* NumberTableViewCell.swift */; };
		76E71F121F1010A20032EA08 /* TestTableView.swift in Sources */ = {isa = PBXBuildFile; fileRef = 76E71F0E1F1010A20032EA08 /* TestTableView.swift */; };
		76E71F141F1010FF0032EA08 /* ApiResponseToPersonArrayTransformer.swift in Sources */ = {isa = PBXBuildFile; fileRef = 76E71F131F1010FF0032EA08 /* ApiResponseToPersonArrayTransformer.swift */; };
		76E71F161F1011410032EA08 /* Person.swift in Sources */ = {isa = PBXBuildFile; fileRef = 76E71F151F1011410032EA08 /* Person.swift */; };
		76E71F1E1F1014450032EA08 /* ComposedPersonFixture.json in Resources */ = {isa = PBXBuildFile; fileRef = 76E71F1A1F1014450032EA08 /* ComposedPersonFixture.json */; };
		76E71F1F1F1014450032EA08 /* ComposedPersonsFixture.json in Resources */ = {isa = PBXBuildFile; fileRef = 76E71F1B1F1014450032EA08 /* ComposedPersonsFixture.json */; };
		76E71F201F1014450032EA08 /* PersonFixture.json in Resources */ = {isa = PBXBuildFile; fileRef = 76E71F1C1F1014450032EA08 /* PersonFixture.json */; };
		76E71F211F1014450032EA08 /* PersonsFixture.json in Resources */ = {isa = PBXBuildFile; fileRef = 76E71F1D1F1014450032EA08 /* PersonsFixture.json */; };
		76E71F231F1285E70032EA08 /* TestDataBasedViewController.swift in Sources */ = {isa = PBXBuildFile; fileRef = 76E71F221F1285E70032EA08 /* TestDataBasedViewController.swift */; };
		76E71F251F1286180032EA08 /* TestBaseTableViewController.swift in Sources */ = {isa = PBXBuildFile; fileRef = 76E71F241F1286180032EA08 /* TestBaseTableViewController.swift */; };
		76E71F281F1286C40032EA08 /* TestContext.swift in Sources */ = {isa = PBXBuildFile; fileRef = 76E71F271F1286C40032EA08 /* TestContext.swift */; };
		76E71F2A1F12BBFE0032EA08 /* TestBaseTableViewControllerWithDelegates.swift in Sources */ = {isa = PBXBuildFile; fileRef = 76E71F291F12BBFE0032EA08 /* TestBaseTableViewControllerWithDelegates.swift */; };
		BB761D331F36A62B003D283B /* TestEntity+CoreDataClass.swift in Sources */ = {isa = PBXBuildFile; fileRef = BB761D321F36A62B003D283B /* TestEntity+CoreDataClass.swift */; };
		BB761D351F36A64B003D283B /* TestEntity+CoreDataProperties.swift in Sources */ = {isa = PBXBuildFile; fileRef = BB761D341F36A64B003D283B /* TestEntity+CoreDataProperties.swift */; };
		BB761D391F36C612003D283B /* TableViewBlockDelegateSpec.swift in Sources */ = {isa = PBXBuildFile; fileRef = BB761D381F36C612003D283B /* TableViewBlockDelegateSpec.swift */; };
		BB761D3B1F36CCCC003D283B /* PageLoaderTableViewDelegateSpec.swift in Sources */ = {isa = PBXBuildFile; fileRef = BB761D3A1F36CCCC003D283B /* PageLoaderTableViewDelegateSpec.swift */; };
		BB761D741F383BCF003D283B /* RefreshableDataProvider.swift in Sources */ = {isa = PBXBuildFile; fileRef = BB761D731F383BCF003D283B /* RefreshableDataProvider.swift */; };
		BB761D771F38403C003D283B /* NSManagedObject+FetchSpec.swift in Sources */ = {isa = PBXBuildFile; fileRef = BB761D761F38403C003D283B /* NSManagedObject+FetchSpec.swift */; };
		BBAD2B9B1F36421900CFE30B /* ArrayDataProviderSpec.swift in Sources */ = {isa = PBXBuildFile; fileRef = BBAD2B9A1F36421900CFE30B /* ArrayDataProviderSpec.swift */; };
		BBAD2BA11F368B6B00CFE30B /* CoreDataStackSpec.swift in Sources */ = {isa = PBXBuildFile; fileRef = BBAD2BA01F368B6B00CFE30B /* CoreDataStackSpec.swift */; };
		BBAD2BA31F368B8400CFE30B /* CoreDataProviderSpec.swift in Sources */ = {isa = PBXBuildFile; fileRef = BBAD2BA21F368B8400CFE30B /* CoreDataProviderSpec.swift */; };
		BBAD2BA71F368E0800CFE30B /* GlasgowTests.xcdatamodeld in Sources */ = {isa = PBXBuildFile; fileRef = BBAD2BA51F368E0800CFE30B /* GlasgowTests.xcdatamodeld */; };
		E649C4D33977630E2DCE1732 /* Pods_Glasgow_Tests.framework in Frameworks */ = {isa = PBXBuildFile; fileRef = BB862BD32528441553DD219A /* Pods_Glasgow_Tests.framework */; };
/* End PBXBuildFile section */

/* Begin PBXFileReference section */
		0C9E045232E46595EEDAF777 /* README.md */ = {isa = PBXFileReference; includeInIndex = 1; lastKnownFileType = net.daringfireball.markdown; name = README.md; path = ../README.md; sourceTree = "<group>"; };
		21563A1409E51BCC709F924A /* Glasgow.podspec */ = {isa = PBXFileReference; includeInIndex = 1; lastKnownFileType = text; name = Glasgow.podspec; path = ../Glasgow.podspec; sourceTree = "<group>"; };
		29D84A801809135CC0869A93 /* Pods-Glasgow_Tests.release.xcconfig */ = {isa = PBXFileReference; includeInIndex = 1; lastKnownFileType = text.xcconfig; name = "Pods-Glasgow_Tests.release.xcconfig"; path = "Pods/Target Support Files/Pods-Glasgow_Tests/Pods-Glasgow_Tests.release.xcconfig"; sourceTree = "<group>"; };
		59684A7DBF78F4E27B437BB2 /* LICENSE */ = {isa = PBXFileReference; includeInIndex = 1; lastKnownFileType = text; name = LICENSE; path = ../LICENSE; sourceTree = "<group>"; };
		607FACE51AFB9204008FA782 /* Glasgow_Tests.xctest */ = {isa = PBXFileReference; explicitFileType = wrapper.cfbundle; includeInIndex = 0; path = Glasgow_Tests.xctest; sourceTree = BUILT_PRODUCTS_DIR; };
		607FACEA1AFB9204008FA782 /* Info.plist */ = {isa = PBXFileReference; lastKnownFileType = text.plist.xml; path = Info.plist; sourceTree = "<group>"; };
		760A31D01F100BBE001FCC80 /* ApiRequestResponseFixture.json */ = {isa = PBXFileReference; fileEncoding = 4; lastKnownFileType = text.json; path = ApiRequestResponseFixture.json; sourceTree = "<group>"; };
		76824BED1F0FF94800FB5A22 /* ArrowArrayTransformerSpec.swift */ = {isa = PBXFileReference; fileEncoding = 4; lastKnownFileType = sourcecode.swift; path = ArrowArrayTransformerSpec.swift; sourceTree = "<group>"; };
		76824BEE1F0FF94800FB5A22 /* ArrowTransformerSpec.swift */ = {isa = PBXFileReference; fileEncoding = 4; lastKnownFileType = sourcecode.swift; path = ArrowTransformerSpec.swift; sourceTree = "<group>"; };
		76824BF21F0FF94800FB5A22 /* ArrayDataSourceSpec.swift */ = {isa = PBXFileReference; fileEncoding = 4; lastKnownFileType = sourcecode.swift; path = ArrayDataSourceSpec.swift; sourceTree = "<group>"; };
		76824BF41F0FF94800FB5A22 /* NSObjectExtensionsSpec.swift */ = {isa = PBXFileReference; fileEncoding = 4; lastKnownFileType = sourcecode.swift; path = NSObjectExtensionsSpec.swift; sourceTree = "<group>"; };
		76824BF61F0FF94800FB5A22 /* FixtureHelper.swift */ = {isa = PBXFileReference; fileEncoding = 4; lastKnownFileType = sourcecode.swift; path = FixtureHelper.swift; sourceTree = "<group>"; };
		76824C0A1F0FF94800FB5A22 /* BaseTableViewControllerSpec.swift */ = {isa = PBXFileReference; fileEncoding = 4; lastKnownFileType = sourcecode.swift; path = BaseTableViewControllerSpec.swift; sourceTree = "<group>"; };
		76824C0B1F0FF94800FB5A22 /* DataBasedViewControllerSpec.swift */ = {isa = PBXFileReference; fileEncoding = 4; lastKnownFileType = sourcecode.swift; path = DataBasedViewControllerSpec.swift; sourceTree = "<group>"; };
		76824C0E1F0FF94800FB5A22 /* TableViewArrayDataSourceSpec.swift */ = {isa = PBXFileReference; fileEncoding = 4; lastKnownFileType = sourcecode.swift; path = TableViewArrayDataSourceSpec.swift; sourceTree = "<group>"; };
		76824C201F10043500FB5A22 /* AppBaseApiSpec.swift */ = {isa = PBXFileReference; fileEncoding = 4; lastKnownFileType = sourcecode.swift; path = AppBaseApiSpec.swift; sourceTree = "<group>"; };
		76E71F0D1F1010A20032EA08 /* NumberTableViewCell.swift */ = {isa = PBXFileReference; fileEncoding = 4; lastKnownFileType = sourcecode.swift; path = NumberTableViewCell.swift; sourceTree = "<group>"; };
		76E71F0E1F1010A20032EA08 /* TestTableView.swift */ = {isa = PBXFileReference; fileEncoding = 4; lastKnownFileType = sourcecode.swift; path = TestTableView.swift; sourceTree = "<group>"; };
		76E71F131F1010FF0032EA08 /* ApiResponseToPersonArrayTransformer.swift */ = {isa = PBXFileReference; fileEncoding = 4; lastKnownFileType = sourcecode.swift; path = ApiResponseToPersonArrayTransformer.swift; sourceTree = "<group>"; };
		76E71F151F1011410032EA08 /* Person.swift */ = {isa = PBXFileReference; fileEncoding = 4; lastKnownFileType = sourcecode.swift; path = Person.swift; sourceTree = "<group>"; };
		76E71F1A1F1014450032EA08 /* ComposedPersonFixture.json */ = {isa = PBXFileReference; fileEncoding = 4; lastKnownFileType = text.json; path = ComposedPersonFixture.json; sourceTree = "<group>"; };
		76E71F1B1F1014450032EA08 /* ComposedPersonsFixture.json */ = {isa = PBXFileReference; fileEncoding = 4; lastKnownFileType = text.json; path = ComposedPersonsFixture.json; sourceTree = "<group>"; };
		76E71F1C1F1014450032EA08 /* PersonFixture.json */ = {isa = PBXFileReference; fileEncoding = 4; lastKnownFileType = text.json; path = PersonFixture.json; sourceTree = "<group>"; };
		76E71F1D1F1014450032EA08 /* PersonsFixture.json */ = {isa = PBXFileReference; fileEncoding = 4; lastKnownFileType = text.json; path = PersonsFixture.json; sourceTree = "<group>"; };
		76E71F221F1285E70032EA08 /* TestDataBasedViewController.swift */ = {isa = PBXFileReference; fileEncoding = 4; lastKnownFileType = sourcecode.swift; path = TestDataBasedViewController.swift; sourceTree = "<group>"; };
		76E71F241F1286180032EA08 /* TestBaseTableViewController.swift */ = {isa = PBXFileReference; fileEncoding = 4; lastKnownFileType = sourcecode.swift; path = TestBaseTableViewController.swift; sourceTree = "<group>"; };
		76E71F271F1286C40032EA08 /* TestContext.swift */ = {isa = PBXFileReference; fileEncoding = 4; lastKnownFileType = sourcecode.swift; path = TestContext.swift; sourceTree = "<group>"; };
		76E71F291F12BBFE0032EA08 /* TestBaseTableViewControllerWithDelegates.swift */ = {isa = PBXFileReference; fileEncoding = 4; lastKnownFileType = sourcecode.swift; path = TestBaseTableViewControllerWithDelegates.swift; sourceTree = "<group>"; };
		BB761D321F36A62B003D283B /* TestEntity+CoreDataClass.swift */ = {isa = PBXFileReference; fileEncoding = 4; lastKnownFileType = sourcecode.swift; path = "TestEntity+CoreDataClass.swift"; sourceTree = "<group>"; };
		BB761D341F36A64B003D283B /* TestEntity+CoreDataProperties.swift */ = {isa = PBXFileReference; fileEncoding = 4; lastKnownFileType = sourcecode.swift; path = "TestEntity+CoreDataProperties.swift"; sourceTree = "<group>"; };
		BB761D381F36C612003D283B /* TableViewBlockDelegateSpec.swift */ = {isa = PBXFileReference; fileEncoding = 4; lastKnownFileType = sourcecode.swift; path = TableViewBlockDelegateSpec.swift; sourceTree = "<group>"; };
		BB761D3A1F36CCCC003D283B /* PageLoaderTableViewDelegateSpec.swift */ = {isa = PBXFileReference; fileEncoding = 4; lastKnownFileType = sourcecode.swift; path = PageLoaderTableViewDelegateSpec.swift; sourceTree = "<group>"; };
		BB761D731F383BCF003D283B /* RefreshableDataProvider.swift */ = {isa = PBXFileReference; fileEncoding = 4; lastKnownFileType = sourcecode.swift; path = RefreshableDataProvider.swift; sourceTree = "<group>"; };
		BB761D761F38403C003D283B /* NSManagedObject+FetchSpec.swift */ = {isa = PBXFileReference; fileEncoding = 4; lastKnownFileType = sourcecode.swift; path = "NSManagedObject+FetchSpec.swift"; sourceTree = "<group>"; };
		BB862BD32528441553DD219A /* Pods_Glasgow_Tests.framework */ = {isa = PBXFileReference; explicitFileType = wrapper.framework; includeInIndex = 0; path = Pods_Glasgow_Tests.framework; sourceTree = BUILT_PRODUCTS_DIR; };
		BBAD2B9A1F36421900CFE30B /* ArrayDataProviderSpec.swift */ = {isa = PBXFileReference; fileEncoding = 4; lastKnownFileType = sourcecode.swift; path = ArrayDataProviderSpec.swift; sourceTree = "<group>"; };
		BBAD2BA01F368B6B00CFE30B /* CoreDataStackSpec.swift */ = {isa = PBXFileReference; fileEncoding = 4; lastKnownFileType = sourcecode.swift; path = CoreDataStackSpec.swift; sourceTree = "<group>"; };
		BBAD2BA21F368B8400CFE30B /* CoreDataProviderSpec.swift */ = {isa = PBXFileReference; fileEncoding = 4; lastKnownFileType = sourcecode.swift; path = CoreDataProviderSpec.swift; sourceTree = "<group>"; };
		BBAD2BA61F368E0800CFE30B /* GlasgowTests.xcdatamodel */ = {isa = PBXFileReference; lastKnownFileType = wrapper.xcdatamodel; path = GlasgowTests.xcdatamodel; sourceTree = "<group>"; };
		F609D5511A761F7F0AD043D0 /* Pods-Glasgow_Tests.debug.xcconfig */ = {isa = PBXFileReference; includeInIndex = 1; lastKnownFileType = text.xcconfig; name = "Pods-Glasgow_Tests.debug.xcconfig"; path = "Pods/Target Support Files/Pods-Glasgow_Tests/Pods-Glasgow_Tests.debug.xcconfig"; sourceTree = "<group>"; };
/* End PBXFileReference section */

/* Begin PBXFrameworksBuildPhase section */
		607FACE21AFB9204008FA782 /* Frameworks */ = {
			isa = PBXFrameworksBuildPhase;
			buildActionMask = 2147483647;
			files = (
				E649C4D33977630E2DCE1732 /* Pods_Glasgow_Tests.framework in Frameworks */,
			);
			runOnlyForDeploymentPostprocessing = 0;
		};
/* End PBXFrameworksBuildPhase section */

/* Begin PBXGroup section */
		3D62B8F8C722D17FCCD418DE /* Pods */ = {
			isa = PBXGroup;
			children = (
				F609D5511A761F7F0AD043D0 /* Pods-Glasgow_Tests.debug.xcconfig */,
				29D84A801809135CC0869A93 /* Pods-Glasgow_Tests.release.xcconfig */,
			);
			name = Pods;
			sourceTree = "<group>";
		};
		607FACC71AFB9204008FA782 = {
			isa = PBXGroup;
			children = (
				607FACF51AFB993E008FA782 /* Podspec Metadata */,
				607FACE81AFB9204008FA782 /* Tests */,
				607FACD11AFB9204008FA782 /* Products */,
				3D62B8F8C722D17FCCD418DE /* Pods */,
				803223542E70FC774634F518 /* Frameworks */,
			);
			sourceTree = "<group>";
		};
		607FACD11AFB9204008FA782 /* Products */ = {
			isa = PBXGroup;
			children = (
				607FACE51AFB9204008FA782 /* Glasgow_Tests.xctest */,
			);
			name = Products;
			sourceTree = "<group>";
		};
		607FACE81AFB9204008FA782 /* Tests */ = {
			isa = PBXGroup;
			children = (
				76824BEB1F0FF94800FB5A22 /* Arrow */,
				76824BEF1F0FF94800FB5A22 /* Core */,
				BBAD2B9C1F36635000CFE30B /* CoreData */,
				76824BF51F0FF94800FB5A22 /* Helpers */,
				76824BF91F0FF94800FB5A22 /* Networking */,
				76824BFA1F0FF94800FB5A22 /* Resources */,
				76824C061F0FF94800FB5A22 /* UIKit */,
				607FACE91AFB9204008FA782 /* Supporting Files */,
			);
			path = Tests;
			sourceTree = "<group>";
		};
		607FACE91AFB9204008FA782 /* Supporting Files */ = {
			isa = PBXGroup;
			children = (
				607FACEA1AFB9204008FA782 /* Info.plist */,
			);
			name = "Supporting Files";
			sourceTree = "<group>";
		};
		607FACF51AFB993E008FA782 /* Podspec Metadata */ = {
			isa = PBXGroup;
			children = (
				21563A1409E51BCC709F924A /* Glasgow.podspec */,
				0C9E045232E46595EEDAF777 /* README.md */,
				59684A7DBF78F4E27B437BB2 /* LICENSE */,
			);
			name = "Podspec Metadata";
			sourceTree = "<group>";
		};
		760A31CE1F100BBE001FCC80 /* Fixtures */ = {
			isa = PBXGroup;
			children = (
				76E71F171F1013850032EA08 /* Transformer */,
				760A31CF1F100BBE001FCC80 /* Networking */,
			);
			path = Fixtures;
			sourceTree = "<group>";
		};
		760A31CF1F100BBE001FCC80 /* Networking */ = {
			isa = PBXGroup;
			children = (
				760A31D01F100BBE001FCC80 /* ApiRequestResponseFixture.json */,
			);
			path = Networking;
			sourceTree = "<group>";
		};
		76824BEB1F0FF94800FB5A22 /* Arrow */ = {
			isa = PBXGroup;
			children = (
				76824BEC1F0FF94800FB5A22 /* Transformer */,
			);
			path = Arrow;
			sourceTree = "<group>";
		};
		76824BEC1F0FF94800FB5A22 /* Transformer */ = {
			isa = PBXGroup;
			children = (
				76824BED1F0FF94800FB5A22 /* ArrowArrayTransformerSpec.swift */,
				76824BEE1F0FF94800FB5A22 /* ArrowTransformerSpec.swift */,
			);
			path = Transformer;
			sourceTree = "<group>";
		};
		76824BEF1F0FF94800FB5A22 /* Core */ = {
			isa = PBXGroup;
			children = (
				76824BF01F0FF94800FB5A22 /* DataSource */,
				76824BF31F0FF94800FB5A22 /* Extensions */,
			);
			path = Core;
			sourceTree = "<group>";
		};
		76824BF01F0FF94800FB5A22 /* DataSource */ = {
			isa = PBXGroup;
			children = (
				76824BF11F0FF94800FB5A22 /* Arrays */,
				BBAD2B991F3641F300CFE30B /* Providers */,
			);
			path = DataSource;
			sourceTree = "<group>";
		};
		76824BF11F0FF94800FB5A22 /* Arrays */ = {
			isa = PBXGroup;
			children = (
				76824BF21F0FF94800FB5A22 /* ArrayDataSourceSpec.swift */,
			);
			path = Arrays;
			sourceTree = "<group>";
		};
		76824BF31F0FF94800FB5A22 /* Extensions */ = {
			isa = PBXGroup;
			children = (
				76824BF41F0FF94800FB5A22 /* NSObjectExtensionsSpec.swift */,
			);
			path = Extensions;
			sourceTree = "<group>";
		};
		76824BF51F0FF94800FB5A22 /* Helpers */ = {
			isa = PBXGroup;
			children = (
				76824BF61F0FF94800FB5A22 /* FixtureHelper.swift */,
				76E71F071F1010A20032EA08 /* SupportClasses */,
			);
			path = Helpers;
			sourceTree = "<group>";
		};
		76824BF91F0FF94800FB5A22 /* Networking */ = {
			isa = PBXGroup;
			children = (
				76824C201F10043500FB5A22 /* AppBaseApiSpec.swift */,
			);
			path = Networking;
			sourceTree = "<group>";
		};
		76824BFA1F0FF94800FB5A22 /* Resources */ = {
			isa = PBXGroup;
			children = (
				BBAD2BA41F368DCB00CFE30B /* CoreData */,
				760A31CE1F100BBE001FCC80 /* Fixtures */,
			);
			path = Resources;
			sourceTree = "<group>";
		};
		76824C061F0FF94800FB5A22 /* UIKit */ = {
			isa = PBXGroup;
			children = (
				76824C091F0FF94800FB5A22 /* Controller */,
				76824C0C1F0FF94800FB5A22 /* DataSource */,
				BB761D361F36C549003D283B /* Delegate */,
			);
			path = UIKit;
			sourceTree = "<group>";
		};
		76824C091F0FF94800FB5A22 /* Controller */ = {
			isa = PBXGroup;
			children = (
				76824C0A1F0FF94800FB5A22 /* BaseTableViewControllerSpec.swift */,
				76824C0B1F0FF94800FB5A22 /* DataBasedViewControllerSpec.swift */,
			);
			path = Controller;
			sourceTree = "<group>";
		};
		76824C0C1F0FF94800FB5A22 /* DataSource */ = {
			isa = PBXGroup;
			children = (
				76824C0D1F0FF94800FB5A22 /* Arrays */,
			);
			path = DataSource;
			sourceTree = "<group>";
		};
		76824C0D1F0FF94800FB5A22 /* Arrays */ = {
			isa = PBXGroup;
			children = (
				76824C0E1F0FF94800FB5A22 /* TableViewArrayDataSourceSpec.swift */,
			);
			path = Arrays;
			sourceTree = "<group>";
		};
		76E71F071F1010A20032EA08 /* SupportClasses */ = {
			isa = PBXGroup;
			children = (
				76E71F261F1286B90032EA08 /* Context */,
				BBAD2BA81F368E6F00CFE30B /* CoreData */,
				76E71F081F1010A20032EA08 /* Model */,
				BB761D721F383BAB003D283B /* Providers */,
				76E71F0A1F1010A20032EA08 /* Transformer */,
				76E71F0C1F1010A20032EA08 /* UIKit */,
			);
			path = SupportClasses;
			sourceTree = "<group>";
		};
		76E71F081F1010A20032EA08 /* Model */ = {
			isa = PBXGroup;
			children = (
				76E71F151F1011410032EA08 /* Person.swift */,
			);
			path = Model;
			sourceTree = "<group>";
		};
		76E71F0A1F1010A20032EA08 /* Transformer */ = {
			isa = PBXGroup;
			children = (
				76E71F131F1010FF0032EA08 /* ApiResponseToPersonArrayTransformer.swift */,
			);
			path = Transformer;
			sourceTree = "<group>";
		};
		76E71F0C1F1010A20032EA08 /* UIKit */ = {
			isa = PBXGroup;
			children = (
				76E71F0D1F1010A20032EA08 /* NumberTableViewCell.swift */,
				76E71F0E1F1010A20032EA08 /* TestTableView.swift */,
				76E71F221F1285E70032EA08 /* TestDataBasedViewController.swift */,
				76E71F241F1286180032EA08 /* TestBaseTableViewController.swift */,
				76E71F291F12BBFE0032EA08 /* TestBaseTableViewControllerWithDelegates.swift */,
			);
			path = UIKit;
			sourceTree = "<group>";
		};
		76E71F171F1013850032EA08 /* Transformer */ = {
			isa = PBXGroup;
			children = (
				76E71F1A1F1014450032EA08 /* ComposedPersonFixture.json */,
				76E71F1B1F1014450032EA08 /* ComposedPersonsFixture.json */,
				76E71F1C1F1014450032EA08 /* PersonFixture.json */,
				76E71F1D1F1014450032EA08 /* PersonsFixture.json */,
			);
			path = Transformer;
			sourceTree = "<group>";
		};
		76E71F261F1286B90032EA08 /* Context */ = {
			isa = PBXGroup;
			children = (
				76E71F271F1286C40032EA08 /* TestContext.swift */,
			);
			path = Context;
			sourceTree = "<group>";
		};
		803223542E70FC774634F518 /* Frameworks */ = {
			isa = PBXGroup;
			children = (
				BB862BD32528441553DD219A /* Pods_Glasgow_Tests.framework */,
			);
			name = Frameworks;
			sourceTree = "<group>";
		};
		BB761D311F36A62B003D283B /* Entities */ = {
			isa = PBXGroup;
			children = (
				BB761D341F36A64B003D283B /* TestEntity+CoreDataProperties.swift */,
				BB761D321F36A62B003D283B /* TestEntity+CoreDataClass.swift */,
			);
			path = Entities;
			sourceTree = "<group>";
		};
		BB761D361F36C549003D283B /* Delegate */ = {
			isa = PBXGroup;
			children = (
				BB761D371F36C5E7003D283B /* TableView */,
			);
			path = Delegate;
			sourceTree = "<group>";
		};
		BB761D371F36C5E7003D283B /* TableView */ = {
			isa = PBXGroup;
			children = (
				BB761D381F36C612003D283B /* TableViewBlockDelegateSpec.swift */,
				BB761D3A1F36CCCC003D283B /* PageLoaderTableViewDelegateSpec.swift */,
			);
			path = TableView;
			sourceTree = "<group>";
		};
		BB761D721F383BAB003D283B /* Providers */ = {
			isa = PBXGroup;
			children = (
				BB761D731F383BCF003D283B /* RefreshableDataProvider.swift */,
			);
			path = Providers;
			sourceTree = "<group>";
		};
		BB761D751F38401B003D283B /* Categories */ = {
			isa = PBXGroup;
			children = (
				BB761D761F38403C003D283B /* NSManagedObject+FetchSpec.swift */,
			);
			path = Categories;
			sourceTree = "<group>";
		};
		BBAD2B991F3641F300CFE30B /* Providers */ = {
			isa = PBXGroup;
			children = (
				BBAD2B9A1F36421900CFE30B /* ArrayDataProviderSpec.swift */,
			);
			path = Providers;
			sourceTree = "<group>";
		};
		BBAD2B9C1F36635000CFE30B /* CoreData */ = {
			isa = PBXGroup;
			children = (
				BB761D751F38401B003D283B /* Categories */,
				BBAD2B9D1F36635000CFE30B /* DataSource */,
				BBAD2B9F1F368B5A00CFE30B /* Stack */,
			);
			path = CoreData;
			sourceTree = "<group>";
		};
		BBAD2B9D1F36635000CFE30B /* DataSource */ = {
			isa = PBXGroup;
			children = (
				BBAD2B9E1F36635000CFE30B /* Providers */,
			);
			path = DataSource;
			sourceTree = "<group>";
		};
		BBAD2B9E1F36635000CFE30B /* Providers */ = {
			isa = PBXGroup;
			children = (
				BBAD2BA21F368B8400CFE30B /* CoreDataProviderSpec.swift */,
			);
			path = Providers;
			sourceTree = "<group>";
		};
		BBAD2B9F1F368B5A00CFE30B /* Stack */ = {
			isa = PBXGroup;
			children = (
				BBAD2BA01F368B6B00CFE30B /* CoreDataStackSpec.swift */,
			);
			path = Stack;
			sourceTree = "<group>";
		};
		BBAD2BA41F368DCB00CFE30B /* CoreData */ = {
			isa = PBXGroup;
			children = (
				BBAD2BA51F368E0800CFE30B /* GlasgowTests.xcdatamodeld */,
			);
			path = CoreData;
			sourceTree = "<group>";
		};
		BBAD2BA81F368E6F00CFE30B /* CoreData */ = {
			isa = PBXGroup;
			children = (
				BB761D311F36A62B003D283B /* Entities */,
			);
			path = CoreData;
			sourceTree = "<group>";
		};
/* End PBXGroup section */

/* Begin PBXNativeTarget section */
		607FACE41AFB9204008FA782 /* Glasgow_Tests */ = {
			isa = PBXNativeTarget;
			buildConfigurationList = 607FACF21AFB9204008FA782 /* Build configuration list for PBXNativeTarget "Glasgow_Tests" */;
			buildPhases = (
				C358B89A59DC7D0DD11E8CF3 /* [CP] Check Pods Manifest.lock */,
				607FACE11AFB9204008FA782 /* Sources */,
				BBF812DD1F4A690200B67B17 /* Swift Lint */,
				607FACE21AFB9204008FA782 /* Frameworks */,
				607FACE31AFB9204008FA782 /* Resources */,
				C4F70E265BEA5B8DC7CF82FF /* [CP] Embed Pods Frameworks */,
				EB5F56FD2578969D369AD677 /* [CP] Copy Pods Resources */,
			);
			buildRules = (
			);
			dependencies = (
			);
			name = Glasgow_Tests;
			productName = Tests;
			productReference = 607FACE51AFB9204008FA782 /* Glasgow_Tests.xctest */;
			productType = "com.apple.product-type.bundle.unit-test";
		};
/* End PBXNativeTarget section */

/* Begin PBXProject section */
		607FACC81AFB9204008FA782 /* Project object */ = {
			isa = PBXProject;
			attributes = {
				LastSwiftUpdateCheck = 0720;
				LastUpgradeCheck = 0820;
				ORGANIZATIONNAME = CocoaPods;
				TargetAttributes = {
					607FACE41AFB9204008FA782 = {
						CreatedOnToolsVersion = 6.3.1;
						DevelopmentTeam = TS43775FV9;
						LastSwiftMigration = 0900;
						TestTargetID = 607FACCF1AFB9204008FA782;
					};
				};
			};
			buildConfigurationList = 607FACCB1AFB9204008FA782 /* Build configuration list for PBXProject "Glasgow" */;
			compatibilityVersion = "Xcode 3.2";
			developmentRegion = English;
			hasScannedForEncodings = 0;
			knownRegions = (
				en,
				Base,
			);
			mainGroup = 607FACC71AFB9204008FA782;
			productRefGroup = 607FACD11AFB9204008FA782 /* Products */;
			projectDirPath = "";
			projectRoot = "";
			targets = (
				607FACE41AFB9204008FA782 /* Glasgow_Tests */,
			);
		};
/* End PBXProject section */

/* Begin PBXResourcesBuildPhase section */
		607FACE31AFB9204008FA782 /* Resources */ = {
			isa = PBXResourcesBuildPhase;
			buildActionMask = 2147483647;
			files = (
				76E71F201F1014450032EA08 /* PersonFixture.json in Resources */,
				76E71F211F1014450032EA08 /* PersonsFixture.json in Resources */,
				76E71F1F1F1014450032EA08 /* ComposedPersonsFixture.json in Resources */,
				76E71F1E1F1014450032EA08 /* ComposedPersonFixture.json in Resources */,
				760A31D11F100BBE001FCC80 /* ApiRequestResponseFixture.json in Resources */,
			);
			runOnlyForDeploymentPostprocessing = 0;
		};
/* End PBXResourcesBuildPhase section */

/* Begin PBXShellScriptBuildPhase section */
		BBF812DD1F4A690200B67B17 /* Swift Lint */ = {
			isa = PBXShellScriptBuildPhase;
			buildActionMask = 2147483647;
			files = (
			);
			inputPaths = (
			);
			name = "Swift Lint";
			outputPaths = (
			);
			runOnlyForDeploymentPostprocessing = 0;
			shellPath = /bin/sh;
			shellScript = "\"${PODS_ROOT}/SwiftLint/swiftlint\"";
		};
		C358B89A59DC7D0DD11E8CF3 /* [CP] Check Pods Manifest.lock */ = {
			isa = PBXShellScriptBuildPhase;
			buildActionMask = 2147483647;
			files = (
			);
			inputPaths = (
			);
			name = "[CP] Check Pods Manifest.lock";
			outputPaths = (
			);
			runOnlyForDeploymentPostprocessing = 0;
			shellPath = /bin/sh;
			shellScript = "diff \"${PODS_PODFILE_DIR_PATH}/Podfile.lock\" \"${PODS_ROOT}/Manifest.lock\" > /dev/null\nif [ $? != 0 ] ; then\n    # print error to STDERR\n    echo \"error: The sandbox is not in sync with the Podfile.lock. Run 'pod install' or update your CocoaPods installation.\" >&2\n    exit 1\nfi\n";
			showEnvVarsInLog = 0;
		};
		C4F70E265BEA5B8DC7CF82FF /* [CP] Embed Pods Frameworks */ = {
			isa = PBXShellScriptBuildPhase;
			buildActionMask = 2147483647;
			files = (
			);
			inputPaths = (
			);
			name = "[CP] Embed Pods Frameworks";
			outputPaths = (
			);
			runOnlyForDeploymentPostprocessing = 0;
			shellPath = /bin/sh;
			shellScript = "\"${SRCROOT}/Pods/Target Support Files/Pods-Glasgow_Tests/Pods-Glasgow_Tests-frameworks.sh\"\n";
			showEnvVarsInLog = 0;
		};
		EB5F56FD2578969D369AD677 /* [CP] Copy Pods Resources */ = {
			isa = PBXShellScriptBuildPhase;
			buildActionMask = 2147483647;
			files = (
			);
			inputPaths = (
			);
			name = "[CP] Copy Pods Resources";
			outputPaths = (
			);
			runOnlyForDeploymentPostprocessing = 0;
			shellPath = /bin/sh;
			shellScript = "\"${SRCROOT}/Pods/Target Support Files/Pods-Glasgow_Tests/Pods-Glasgow_Tests-resources.sh\"\n";
			showEnvVarsInLog = 0;
		};
/* End PBXShellScriptBuildPhase section */

/* Begin PBXSourcesBuildPhase section */
		607FACE11AFB9204008FA782 /* Sources */ = {
			isa = PBXSourcesBuildPhase;
			buildActionMask = 2147483647;
			files = (
				76E71F231F1285E70032EA08 /* TestDataBasedViewController.swift in Sources */,
				76E71F121F1010A20032EA08 /* TestTableView.swift in Sources */,
				76E71F111F1010A20032EA08 /* NumberTableViewCell.swift in Sources */,
				BBAD2BA71F368E0800CFE30B /* GlasgowTests.xcdatamodeld in Sources */,
				76E71F2A1F12BBFE0032EA08 /* TestBaseTableViewControllerWithDelegates.swift in Sources */,
				76E71F251F1286180032EA08 /* TestBaseTableViewController.swift in Sources */,
				76824C101F0FF94800FB5A22 /* ArrowTransformerSpec.swift in Sources */,
				BB761D771F38403C003D283B /* NSManagedObject+FetchSpec.swift in Sources */,
				76E71F281F1286C40032EA08 /* TestContext.swift in Sources */,
				76824C1C1F0FF94800FB5A22 /* DataBasedViewControllerSpec.swift in Sources */,
				BBAD2BA31F368B8400CFE30B /* CoreDataProviderSpec.swift in Sources */,
				76E71F161F1011410032EA08 /* Person.swift in Sources */,
				76824C1D1F0FF94800FB5A22 /* TableViewArrayDataSourceSpec.swift in Sources */,
				BB761D331F36A62B003D283B /* TestEntity+CoreDataClass.swift in Sources */,
				76824C131F0FF94800FB5A22 /* FixtureHelper.swift in Sources */,
				BB761D351F36A64B003D283B /* TestEntity+CoreDataProperties.swift in Sources */,
				76824C1B1F0FF94800FB5A22 /* BaseTableViewControllerSpec.swift in Sources */,
				76824C111F0FF94800FB5A22 /* ArrayDataSourceSpec.swift in Sources */,
				76824C211F10043500FB5A22 /* AppBaseApiSpec.swift in Sources */,
				76824C121F0FF94800FB5A22 /* NSObjectExtensionsSpec.swift in Sources */,
				BBAD2B9B1F36421900CFE30B /* ArrayDataProviderSpec.swift in Sources */,
				76824C0F1F0FF94800FB5A22 /* ArrowArrayTransformerSpec.swift in Sources */,
				BB761D3B1F36CCCC003D283B /* PageLoaderTableViewDelegateSpec.swift in Sources */,
				BB761D741F383BCF003D283B /* RefreshableDataProvider.swift in Sources */,
				BBAD2BA11F368B6B00CFE30B /* CoreDataStackSpec.swift in Sources */,
				BB761D391F36C612003D283B /* TableViewBlockDelegateSpec.swift in Sources */,
				76E71F141F1010FF0032EA08 /* ApiResponseToPersonArrayTransformer.swift in Sources */,
			);
			runOnlyForDeploymentPostprocessing = 0;
		};
/* End PBXSourcesBuildPhase section */

/* Begin XCBuildConfiguration section */
		607FACED1AFB9204008FA782 /* Debug */ = {
			isa = XCBuildConfiguration;
			buildSettings = {
				ALWAYS_SEARCH_USER_PATHS = NO;
				CLANG_CXX_LANGUAGE_STANDARD = "gnu++0x";
				CLANG_CXX_LIBRARY = "libc++";
				CLANG_ENABLE_MODULES = YES;
				CLANG_ENABLE_OBJC_ARC = YES;
				CLANG_WARN_BOOL_CONVERSION = YES;
				CLANG_WARN_CONSTANT_CONVERSION = YES;
				CLANG_WARN_DIRECT_OBJC_ISA_USAGE = YES_ERROR;
				CLANG_WARN_EMPTY_BODY = YES;
				CLANG_WARN_ENUM_CONVERSION = YES;
				CLANG_WARN_INFINITE_RECURSION = YES;
				CLANG_WARN_INT_CONVERSION = YES;
				CLANG_WARN_OBJC_ROOT_CLASS = YES_ERROR;
				CLANG_WARN_SUSPICIOUS_MOVE = YES;
				CLANG_WARN_UNREACHABLE_CODE = YES;
				CLANG_WARN__DUPLICATE_METHOD_MATCH = YES;
				"CODE_SIGN_IDENTITY[sdk=iphoneos*]" = "iPhone Developer";
				COPY_PHASE_STRIP = NO;
				DEBUG_INFORMATION_FORMAT = "dwarf-with-dsym";
				ENABLE_STRICT_OBJC_MSGSEND = YES;
				ENABLE_TESTABILITY = YES;
				GCC_C_LANGUAGE_STANDARD = gnu99;
				GCC_DYNAMIC_NO_PIC = NO;
				GCC_NO_COMMON_BLOCKS = YES;
				GCC_OPTIMIZATION_LEVEL = 0;
				GCC_PREPROCESSOR_DEFINITIONS = (
					"DEBUG=1",
					"$(inherited)",
				);
				GCC_SYMBOLS_PRIVATE_EXTERN = NO;
				GCC_WARN_64_TO_32_BIT_CONVERSION = YES;
				GCC_WARN_ABOUT_RETURN_TYPE = YES_ERROR;
				GCC_WARN_UNDECLARED_SELECTOR = YES;
				GCC_WARN_UNINITIALIZED_AUTOS = YES_AGGRESSIVE;
				GCC_WARN_UNUSED_FUNCTION = YES;
				GCC_WARN_UNUSED_VARIABLE = YES;
				IPHONEOS_DEPLOYMENT_TARGET = 8.3;
				MTL_ENABLE_DEBUG_INFO = YES;
				ONLY_ACTIVE_ARCH = YES;
				SDKROOT = iphoneos;
				SWIFT_OPTIMIZATION_LEVEL = "-Onone";
			};
			name = Debug;
		};
		607FACEE1AFB9204008FA782 /* Release */ = {
			isa = XCBuildConfiguration;
			buildSettings = {
				ALWAYS_SEARCH_USER_PATHS = NO;
				CLANG_CXX_LANGUAGE_STANDARD = "gnu++0x";
				CLANG_CXX_LIBRARY = "libc++";
				CLANG_ENABLE_MODULES = YES;
				CLANG_ENABLE_OBJC_ARC = YES;
				CLANG_WARN_BOOL_CONVERSION = YES;
				CLANG_WARN_CONSTANT_CONVERSION = YES;
				CLANG_WARN_DIRECT_OBJC_ISA_USAGE = YES_ERROR;
				CLANG_WARN_EMPTY_BODY = YES;
				CLANG_WARN_ENUM_CONVERSION = YES;
				CLANG_WARN_INFINITE_RECURSION = YES;
				CLANG_WARN_INT_CONVERSION = YES;
				CLANG_WARN_OBJC_ROOT_CLASS = YES_ERROR;
				CLANG_WARN_SUSPICIOUS_MOVE = YES;
				CLANG_WARN_UNREACHABLE_CODE = YES;
				CLANG_WARN__DUPLICATE_METHOD_MATCH = YES;
				"CODE_SIGN_IDENTITY[sdk=iphoneos*]" = "iPhone Developer";
				COPY_PHASE_STRIP = NO;
				DEBUG_INFORMATION_FORMAT = "dwarf-with-dsym";
				ENABLE_NS_ASSERTIONS = NO;
				ENABLE_STRICT_OBJC_MSGSEND = YES;
				GCC_C_LANGUAGE_STANDARD = gnu99;
				GCC_NO_COMMON_BLOCKS = YES;
				GCC_WARN_64_TO_32_BIT_CONVERSION = YES;
				GCC_WARN_ABOUT_RETURN_TYPE = YES_ERROR;
				GCC_WARN_UNDECLARED_SELECTOR = YES;
				GCC_WARN_UNINITIALIZED_AUTOS = YES_AGGRESSIVE;
				GCC_WARN_UNUSED_FUNCTION = YES;
				GCC_WARN_UNUSED_VARIABLE = YES;
				IPHONEOS_DEPLOYMENT_TARGET = 8.3;
				MTL_ENABLE_DEBUG_INFO = NO;
				SDKROOT = iphoneos;
				SWIFT_OPTIMIZATION_LEVEL = "-Owholemodule";
				VALIDATE_PRODUCT = YES;
			};
			name = Release;
		};
		607FACF31AFB9204008FA782 /* Debug */ = {
			isa = XCBuildConfiguration;
			baseConfigurationReference = F609D5511A761F7F0AD043D0 /* Pods-Glasgow_Tests.debug.xcconfig */;
			buildSettings = {
				CLANG_ENABLE_MODULES = YES;
				DEVELOPMENT_TEAM = TS43775FV9;
				FRAMEWORK_SEARCH_PATHS = (
					"$(SDKROOT)/Developer/Library/Frameworks",
					"$(inherited)",
				);
				GCC_PREPROCESSOR_DEFINITIONS = (
					"DEBUG=1",
					"$(inherited)",
				);
				INFOPLIST_FILE = Tests/Info.plist;
				LD_RUNPATH_SEARCH_PATHS = "$(inherited) @executable_path/Frameworks @loader_path/Frameworks";
				PRODUCT_BUNDLE_IDENTIFIER = "org.cocoapods.$(PRODUCT_NAME:rfc1034identifier)";
				PRODUCT_NAME = "$(TARGET_NAME)";
				SWIFT_OPTIMIZATION_LEVEL = "-Onone";
				SWIFT_SWIFT3_OBJC_INFERENCE = On;
				SWIFT_VERSION = 4.0;
			};
			name = Debug;
		};
		607FACF41AFB9204008FA782 /* Release */ = {
			isa = XCBuildConfiguration;
			baseConfigurationReference = 29D84A801809135CC0869A93 /* Pods-Glasgow_Tests.release.xcconfig */;
			buildSettings = {
				CLANG_ENABLE_MODULES = YES;
				DEVELOPMENT_TEAM = TS43775FV9;
				FRAMEWORK_SEARCH_PATHS = (
					"$(SDKROOT)/Developer/Library/Frameworks",
					"$(inherited)",
				);
				INFOPLIST_FILE = Tests/Info.plist;
				LD_RUNPATH_SEARCH_PATHS = "$(inherited) @executable_path/Frameworks @loader_path/Frameworks";
				PRODUCT_BUNDLE_IDENTIFIER = "org.cocoapods.$(PRODUCT_NAME:rfc1034identifier)";
				PRODUCT_NAME = "$(TARGET_NAME)";
				SWIFT_SWIFT3_OBJC_INFERENCE = On;
				SWIFT_VERSION = 4.0;
			};
			name = Release;
		};
/* End XCBuildConfiguration section */

/* Begin XCConfigurationList section */
		607FACCB1AFB9204008FA782 /* Build configuration list for PBXProject "Glasgow" */ = {
			isa = XCConfigurationList;
			buildConfigurations = (
				607FACED1AFB9204008FA782 /* Debug */,
				607FACEE1AFB9204008FA782 /* Release */,
			);
			defaultConfigurationIsVisible = 0;
			defaultConfigurationName = Release;
		};
		607FACF21AFB9204008FA782 /* Build configuration list for PBXNativeTarget "Glasgow_Tests" */ = {
			isa = XCConfigurationList;
			buildConfigurations = (
				607FACF31AFB9204008FA782 /* Debug */,
				607FACF41AFB9204008FA782 /* Release */,
			);
			defaultConfigurationIsVisible = 0;
			defaultConfigurationName = Release;
		};
/* End XCConfigurationList section */

/* Begin XCVersionGroup section */
		BBAD2BA51F368E0800CFE30B /* GlasgowTests.xcdatamodeld */ = {
			isa = XCVersionGroup;
			children = (
				BBAD2BA61F368E0800CFE30B /* GlasgowTests.xcdatamodel */,
			);
			currentVersion = BBAD2BA61F368E0800CFE30B /* GlasgowTests.xcdatamodel */;
			path = GlasgowTests.xcdatamodeld;
			sourceTree = "<group>";
			versionGroupType = wrapper.xcdatamodel;
		};
/* End XCVersionGroup section */
	};
	rootObject = 607FACC81AFB9204008FA782 /* Project object */;
}
